
Microsoft Visual Studio Solution File, Format Version 12.00
# Visual Studio Version 17
VisualStudioVersion = 17.3.32901.215
MinimumVisualStudioVersion = 10.0.40219.1
Project("{FAE04EC0-301F-11D3-BF4B-00C04F79EFBC}") = "Snelste Atleet", "Snelste Atleet\Snelste Atleet.csproj", "{3A3C3453-8BF1-4B83-AF00-9E8550A0D6DA}"
EndProject
Global
	GlobalSection(SolutionConfigurationPlatforms) = preSolution
		Debug|Any CPU = Debug|Any CPU
		Release|Any CPU = Release|Any CPU
	EndGlobalSection
	GlobalSection(ProjectConfigurationPlatforms) = postSolution
		{3A3C3453-8BF1-4B83-AF00-9E8550A0D6DA}.Debug|Any CPU.ActiveCfg = Debug|Any CPU
		{3A3C3453-8BF1-4B83-AF00-9E8550A0D6DA}.Debug|Any CPU.Build.0 = Debug|Any CPU
		{3A3C3453-8BF1-4B83-AF00-9E8550A0D6DA}.Release|Any CPU.ActiveCfg = Release|Any CPU
		{3A3C3453-8BF1-4B83-AF00-9E8550A0D6DA}.Release|Any CPU.Build.0 = Release|Any CPU
	EndGlobalSection
	GlobalSection(SolutionProperties) = preSolution
		HideSolutionNode = FALSE
	EndGlobalSection
	GlobalSection(ExtensibilityGlobals) = postSolution
		SolutionGuid = {1D8236FC-787E-406A-8B66-D115B59343EB}
	EndGlobalSection
EndGlobal
